
Microsoft Visual Studio Solution File, Format Version 12.00
# Visual Studio Version 16
VisualStudioVersion = 16.0.31424.327
MinimumVisualStudioVersion = 10.0.40219.1
Project("{FAE04EC0-301F-11D3-BF4B-00C04F79EFBC}") = "TFFKurumsal", "TFFKurumsal\TFFKurumsal.csproj", "{DDD85C92-66D5-4E70-9AF3-046911F778EE}"
EndProject
Global
	GlobalSection(SolutionConfigurationPlatforms) = preSolution
		Debug|Any CPU = Debug|Any CPU
		Release|Any CPU = Release|Any CPU
	EndGlobalSection
	GlobalSection(ProjectConfigurationPlatforms) = postSolution
		{DDD85C92-66D5-4E70-9AF3-046911F778EE}.Debug|Any CPU.ActiveCfg = Debug|Any CPU
		{DDD85C92-66D5-4E70-9AF3-046911F778EE}.Debug|Any CPU.Build.0 = Debug|Any CPU
		{DDD85C92-66D5-4E70-9AF3-046911F778EE}.Release|Any CPU.ActiveCfg = Release|Any CPU
		{DDD85C92-66D5-4E70-9AF3-046911F778EE}.Release|Any CPU.Build.0 = Release|Any CPU
	EndGlobalSection
	GlobalSection(SolutionProperties) = preSolution
		HideSolutionNode = FALSE
	EndGlobalSection
	GlobalSection(ExtensibilityGlobals) = postSolution
		SolutionGuid = {205E3EB5-1891-4014-800E-F7A9A8D42210}
	EndGlobalSection
EndGlobal
